// !$*UTF8*$!
{
	archiveVersion = 1;
	classes = {
	};
	objectVersion = 46;
	objects = {

/* Begin PBXBuildFile section */
		52ABAAE81DC3150F00940157 /* main.m in Sources */ = {isa = PBXBuildFile; fileRef = 52ABAAE71DC3150F00940157 /* main.m */; };
		52ABAAEB1DC3150F00940157 /* AppDelegate.m in Sources */ = {isa = PBXBuildFile; fileRef = 52ABAAEA1DC3150F00940157 /* AppDelegate.m */; };
		52ABAAEE1DC3150F00940157 /* ViewController.m in Sources */ = {isa = PBXBuildFile; fileRef = 52ABAAED1DC3150F00940157 /* ViewController.m */; };
		52ABAAF11DC3150F00940157 /* Main.storyboard in Resources */ = {isa = PBXBuildFile; fileRef = 52ABAAEF1DC3150F00940157 /* Main.storyboard */; };
		52ABAAF31DC3150F00940157 /* Assets.xcassets in Resources */ = {isa = PBXBuildFile; fileRef = 52ABAAF21DC3150F00940157 /* Assets.xcassets */; };
		52ABAAF61DC3150F00940157 /* LaunchScreen.storyboard in Resources */ = {isa = PBXBuildFile; fileRef = 52ABAAF41DC3150F00940157 /* LaunchScreen.storyboard */; };
/* End PBXBuildFile section */

/* Begin PBXFileReference section */
		52ABAAE31DC3150E00940157 /* hfh.app */ = {isa = PBXFileReference; explicitFileType = wrapper.application; includeInIndex = 0; path = hfh.app; sourceTree = BUILT_PRODUCTS_DIR; };
		52ABAAE71DC3150F00940157 /* main.m */ = {isa = PBXFileReference; lastKnownFileType = sourcecode.c.objc; path = main.m; sourceTree = "<group>"; };
		52ABAAE91DC3150F00940157 /* AppDelegate.h */ = {isa = PBXFileReference; lastKnownFileType = sourcecode.c.h; path = AppDelegate.h; sourceTree = "<group>"; };
		52ABAAEA1DC3150F00940157 /* AppDelegate.m */ = {isa = PBXFileReference; lastKnownFileType = sourcecode.c.objc; path = AppDelegate.m; sourceTree = "<group>"; };
		52ABAAEC1DC3150F00940157 /* ViewController.h */ = {isa = PBXFileReference; lastKnownFileType = sourcecode.c.h; path = ViewController.h; sourceTree = "<group>"; };
		52ABAAED1DC3150F00940157 /* ViewController.m */ = {isa = PBXFileReference; lastKnownFileType = sourcecode.c.objc; path = ViewController.m; sourceTree = "<group>"; };
		52ABAAF01DC3150F00940157 /* Base */ = {isa = PBXFileReference; lastKnownFileType = file.storyboard; name = Base; path = Base.lproj/Main.storyboard; sourceTree = "<group>"; };
		52ABAAF21DC3150F00940157 /* Assets.xcassets */ = {isa = PBXFileReference; lastKnownFileType = folder.assetcatalog; path = Assets.xcassets; sourceTree = "<group>"; };
		52ABAAF51DC3150F00940157 /* Base */ = {isa = PBXFileReference; lastKnownFileType = file.storyboard; name = Base; path = Base.lproj/LaunchScreen.storyboard; sourceTree = "<group>"; };
		52ABAAF71DC3150F00940157 /* Info.plist */ = {isa = PBXFileReference; lastKnownFileType = text.plist.xml; path = Info.plist; sourceTree = "<group>"; };
/* End PBXFileReference section */

/* Begin PBXFrameworksBuildPhase section */
		52ABAAE01DC3150E00940157 /* Frameworks */ = {
			isa = PBXFrameworksBuildPhase;
			buildActionMask = 2147483647;
			files = (
			);
			runOnlyForDeploymentPostprocessing = 0;
		};
/* End PBXFrameworksBuildPhase section */

/* Begin PBXGroup section */
		52ABAADA1DC3150E00940157 = {
			isa = PBXGroup;
			children = (
				52ABAAE51DC3150F00940157 /* hfh */,
				52ABAAE41DC3150E00940157 /* Products */,
			);
			sourceTree = "<group>";
		};
		52ABAAE41DC3150E00940157 /* Products */ = {
			isa = PBXGroup;
			children = (
				52ABAAE31DC3150E00940157 /* hfh.app */,
			);
			name = Products;
			sourceTree = "<group>";
		};
		52ABAAE51DC3150F00940157 /* hfh */ = {
			isa = PBXGroup;
			children = (
				52ABAAE91DC3150F00940157 /* AppDelegate.h */,
				52ABAAEA1DC3150F00940157 /* AppDelegate.m */,
				52ABAAEC1DC3150F00940157 /* ViewController.h */,
				52ABAAED1DC3150F00940157 /* ViewController.m */,
				52ABAAEF1DC3150F00940157 /* Main.storyboard */,
				52ABAAF21DC3150F00940157 /* Assets.xcassets */,
				52ABAAF41DC3150F00940157 /* LaunchScreen.storyboard */,
				52ABAAF71DC3150F00940157 /* Info.plist */,
				52ABAAE61DC3150F00940157 /* Supporting Files */,
			);
			path = hfh;
			sourceTree = "<group>";
		};
		52ABAAE61DC3150F00940157 /* Supporting Files */ = {
			isa = PBXGroup;
			children = (
				52ABAAE71DC3150F00940157 /* main.m */,
			);
			name = "Supporting Files";
			sourceTree = "<group>";
		};
/* End PBXGroup section */

/* Begin PBXNativeTarget section */
		52ABAAE21DC3150E00940157 /* hfh */ = {
			isa = PBXNativeTarget;
			buildConfigurationList = 52ABAAFA1DC3150F00940157 /* Build configuration list for PBXNativeTarget "hfh" */;
			buildPhases = (
				52ABAADF1DC3150E00940157 /* Sources */,
				52ABAAE01DC3150E00940157 /* Frameworks */,
				52ABAAE11DC3150E00940157 /* Resources */,
			);
			buildRules = (
			);
			dependencies = (
			);
			name = hfh;
			productName = hfh;
			productReference = 52ABAAE31DC3150E00940157 /* hfh.app */;
			productType = "com.apple.product-type.application";
		};
/* End PBXNativeTarget section */

/* Begin PBXProject section */
		52ABAADB1DC3150E00940157 /* Project object */ = {
			isa = PBXProject;
			attributes = {
				LastUpgradeCheck = 0730;
				ORGANIZATIONNAME = wifin;
				TargetAttributes = {
					52ABAAE21DC3150E00940157 = {
						CreatedOnToolsVersion = 7.3.1;
					};
				};
			};
			buildConfigurationList = 52ABAADE1DC3150E00940157 /* Build configuration list for PBXProject "hfh" */;
			compatibilityVersion = "Xcode 3.2";
			developmentRegion = English;
			hasScannedForEncodings = 0;
			knownRegions = (
				en,
				Base,
			);
			mainGroup = 52ABAADA1DC3150E00940157;
			productRefGroup = 52ABAAE41DC3150E00940157 /* Products */;
			projectDirPath = "";
			projectRoot = "";
			targets = (
				52ABAAE21DC3150E00940157 /* hfh */,
			);
		};
/* End PBXProject section */

/* Begin PBXResourcesBuildPhase section */
		52ABAAE11DC3150E00940157 /* Resources */ = {
			isa = PBXResourcesBuildPhase;
			buildActionMask = 2147483647;
			files = (
				52ABAAF61DC3150F00940157 /* LaunchScreen.storyboard in Resources */,
				52ABAAF31DC3150F00940157 /* Assets.xcassets in Resources */,
				52ABAAF11DC3150F00940157 /* Main.storyboard in Resources */,
			);
			runOnlyForDeploymentPostprocessing = 0;
		};
/* End PBXResourcesBuildPhase section */

/* Begin PBXSourcesBuildPhase section */
		52ABAADF1DC3150E00940157 /* Sources */ = {
			isa = PBXSourcesBuildPhase;
			buildActionMask = 2147483647;
			files = (
				52ABAAEE1DC3150F00940157 /* ViewController.m in Sources */,
				52ABAAEB1DC3150F00940157 /* AppDelegate.m in Sources */,
				52ABAAE81DC3150F00940157 /* main.m in Sources */,
			);
			runOnlyForDeploymentPostprocessing = 0;
		};
/* End PBXSourcesBuildPhase section */

/* Begin PBXVariantGroup section */
		52ABAAEF1DC3150F00940157 /* Main.storyboard */ = {
			isa = PBXVariantGroup;
			children = (
				52ABAAF01DC3150F00940157 /* Base */,
			);
			name = Main.storyboard;
			sourceTree = "<group>";
		};
		52ABAAF41DC3150F00940157 /* LaunchScreen.storyboard */ = {
			isa = PBXVariantGroup;
			children = (
				52ABAAF51DC3150F00940157 /* Base */,
			);
			name = LaunchScreen.storyboard;
			sourceTree = "<group>";
		};
/* End PBXVariantGroup section */

/* Begin XCBuildConfiguration section */
		52ABAAF81DC3150F00940157 /* Debug */ = {
			isa = XCBuildConfiguration;
			buildSettings = {
				ALWAYS_SEARCH_USER_PATHS = NO;
				CLANG_ANALYZER_NONNULL = YES;
				CLANG_CXX_LANGUAGE_STANDARD = "gnu++0x";
				CLANG_CXX_LIBRARY = "libc++";
				CLANG_ENABLE_MODULES = YES;
				CLANG_ENABLE_OBJC_ARC = YES;
				CLANG_WARN_BOOL_CONVERSION = YES;
				CLANG_WARN_CONSTANT_CONVERSION = YES;
				CLANG_WARN_DIRECT_OBJC_ISA_USAGE = YES_ERROR;
				CLANG_WARN_EMPTY_BODY = YES;
				CLANG_WARN_ENUM_CONVERSION = YES;
				CLANG_WARN_INT_CONVERSION = YES;
				CLANG_WARN_OBJC_ROOT_CLASS = YES_ERROR;
				CLANG_WARN_UNREACHABLE_CODE = YES;
				CLANG_WARN__DUPLICATE_METHOD_MATCH = YES;
				"CODE_SIGN_IDENTITY[sdk=iphoneos*]" = "iPhone Developer";
				COPY_PHASE_STRIP = NO;
				DEBUG_INFORMATION_FORMAT = dwarf;
				ENABLE_STRICT_OBJC_MSGSEND = YES;
				ENABLE_TESTABILITY = YES;
				GCC_C_LANGUAGE_STANDARD = gnu99;
				GCC_DYNAMIC_NO_PIC = NO;
				GCC_NO_COMMON_BLOCKS = YES;
				GCC_OPTIMIZATION_LEVEL = 0;
				GCC_PREPROCESSOR_DEFINITIONS = (
					"DEBUG=1",
					"$(inherited)",
				);
				GCC_WARN_64_TO_32_BIT_CONVERSION = YES;
				GCC_WARN_ABOUT_RETURN_TYPE = YES_ERROR;
				GCC_WARN_UNDECLARED_SELECTOR = YES;
				GCC_WARN_UNINITIALIZED_AUTOS = YES_AGGRESSIVE;
				GCC_WARN_UNUSED_FUNCTION = YES;
				GCC_WARN_UNUSED_VARIABLE = YES;
				IPHONEOS_DEPLOYMENT_TARGET = 9.3;
				MTL_ENABLE_DEBUG_INFO = YES;
				ONLY_ACTIVE_ARCH = YES;
				SDKROOT = iphoneos;
				TARGETED_DEVICE_FAMILY = "1,2";
			};
			name = Debug;
		};
		52ABAAF91DC3150F00940157 /* Release */ = {
			isa = XCBuildConfiguration;
			buildSettings = {
				ALWAYS_SEARCH_USER_PATHS = NO;
				CLANG_ANALYZER_NONNULL = YES;
				CLANG_CXX_LANGUAGE_STANDARD = "gnu++0x";
				CLANG_CXX_LIBRARY = "libc++";
				CLANG_ENABLE_MODULES = YES;
				CLANG_ENABLE_OBJC_ARC = YES;
				CLANG_WARN_BOOL_CONVERSION = YES;
				CLANG_WARN_CONSTANT_CONVERSION = YES;
				CLANG_WARN_DIRECT_OBJC_ISA_USAGE = YES_ERROR;
				CLANG_WARN_EMPTY_BODY = YES;
				CLANG_WARN_ENUM_CONVERSION = YES;
				CLANG_WARN_INT_CONVERSION = YES;
				CLANG_WARN_OBJC_ROOT_CLASS = YES_ERROR;
				CLANG_WARN_UNREACHABLE_CODE = YES;
				CLANG_WARN__DUPLICATE_METHOD_MATCH = YES;
				"CODE_SIGN_IDENTITY[sdk=iphoneos*]" = "iPhone Developer";
				COPY_PHASE_STRIP = NO;
				DEBUG_INFORMATION_FORMAT = "dwarf-with-dsym";
				ENABLE_NS_ASSERTIONS = NO;
				ENABLE_STRICT_OBJC_MSGSEND = YES;
				GCC_C_LANGUAGE_STANDARD = gnu99;
				GCC_NO_COMMON_BLOCKS = YES;
				GCC_WARN_64_TO_32_BIT_CONVERSION = YES;
				GCC_WARN_ABOUT_RETURN_TYPE = YES_ERROR;
				GCC_WARN_UNDECLARED_SELECTOR = YES;
				GCC_WARN_UNINITIALIZED_AUTOS = YES_AGGRESSIVE;
				GCC_WARN_UNUSED_FUNCTION = YES;
				GCC_WARN_UNUSED_VARIABLE = YES;
				IPHONEOS_DEPLOYMENT_TARGET = 9.3;
				MTL_ENABLE_DEBUG_INFO = NO;
				SDKROOT = iphoneos;
				TARGETED_DEVICE_FAMILY = "1,2";
				VALIDATE_PRODUCT = YES;
			};
			name = Release;
		};
		52ABAAFB1DC3150F00940157 /* Debug */ = {
			isa = XCBuildConfiguration;
			buildSettings = {
				ASSETCATALOG_COMPILER_APPICON_NAME = AppIcon;
				INFOPLIST_FILE = hfh/Info.plist;
				LD_RUNPATH_SEARCH_PATHS = "$(inherited) @executable_path/Frameworks";
				PRODUCT_BUNDLE_IDENTIFIER = com.wifi.hfh;
				PRODUCT_NAME = "$(TARGET_NAME)";
			};
			name = Debug;
		};
		52ABAAFC1DC3150F00940157 /* Release */ = {
			isa = XCBuildConfiguration;
			buildSettings = {
				ASSETCATALOG_COMPILER_APPICON_NAME = AppIcon;
				INFOPLIST_FILE = hfh/Info.plist;
				LD_RUNPATH_SEARCH_PATHS = "$(inherited) @executable_path/Frameworks";
				PRODUCT_BUNDLE_IDENTIFIER = com.wifi.hfh;
				PRODUCT_NAME = "$(TARGET_NAME)";
			};
			name = Release;
		};
/* End XCBuildConfiguration section */

/* Begin XCConfigurationList section */
		52ABAADE1DC3150E00940157 /* Build configuration list for PBXProject "hfh" */ = {
			isa = XCConfigurationList;
			buildConfigurations = (
				52ABAAF81DC3150F00940157 /* Debug */,
				52ABAAF91DC3150F00940157 /* Release */,
			);
			defaultConfigurationIsVisible = 0;
			defaultConfigurationName = Release;
		};
		52ABAAFA1DC3150F00940157 /* Build configuration list for PBXNativeTarget "hfh" */ = {
			isa = XCConfigurationList;
			buildConfigurations = (
				52ABAAFB1DC3150F00940157 /* Debug */,
				52ABAAFC1DC3150F00940157 /* Release */,
			);
			defaultConfigurationIsVisible = 0;
		};
/* End XCConfigurationList section */
	};
	rootObject = 52ABAADB1DC3150E00940157 /* Project object */;
}
